# THIS IS AN AUTOGENERATED FILE. DO NOT EDIT THIS FILE DIRECTLY.
# yarn lockfile v1


"@types/datatables.net@^1.10.5":
  version "1.10.13"
  resolved "https://registry.yarnpkg.com/@types/datatables.net/-/datatables.net-1.10.13.tgz#43458dc4ac31af3393b70f3589ba240b7aa3269e"
  dependencies:
    "@types/jquery" "*"

"@types/fbemitter@*":
  version "2.0.32"
  resolved "https://registry.yarnpkg.com/@types/fbemitter/-/fbemitter-2.0.32.tgz#8ed204da0f54e9c8eaec31b1eec91e25132d082c"

"@types/flot@^0.0.31":
  version "0.0.31"
  resolved "https://registry.yarnpkg.com/@types/flot/-/flot-0.0.31.tgz#0daca37c6c855b69a0a7e2e37dd0f84b3db8c8c1"
  dependencies:
    "@types/jquery" "*"

"@types/flux@^3.1.7":
  version "3.1.8"
  resolved "https://registry.yarnpkg.com/@types/flux/-/flux-3.1.8.tgz#987fbf0220d98aa23276c9635a8ef1e505f7c4a4"
  dependencies:
    "@types/fbemitter" "*"
    "@types/react" "*"

"@types/history@*":
  version "4.7.0"
  resolved "https://registry.yarnpkg.com/@types/history/-/history-4.7.0.tgz#2fac51050c68f7d6f96c5aafc631132522f4aa3f"

"@types/jquery@*":
  version "3.3.6"
  resolved "https://registry.yarnpkg.com/@types/jquery/-/jquery-3.3.6.tgz#5932ead926307ca21e5b36808257f7c926b06565"

"@types/jqueryui@^1.11.35":
  version "1.12.4"
  resolved "https://registry.yarnpkg.com/@types/jqueryui/-/jqueryui-1.12.4.tgz#a9344871b83cb3d83926615efc4007060bb646d7"
  dependencies:
    "@types/jquery" "*"

"@types/json-stable-stringify@^1.0.31":
  version "1.0.32"
  resolved "https://registry.yarnpkg.com/@types/json-stable-stringify/-/json-stable-stringify-1.0.32.tgz#121f6917c4389db3923640b2e68de5fa64dda88e"

"@types/lodash@^4.14.104":
  version "4.14.116"
  resolved "https://registry.yarnpkg.com/@types/lodash/-/lodash-4.14.116.tgz#5ccf215653e3e8c786a58390751033a9adca0eb9"

"@types/natural-sort@^0.0.20":
  version "0.0.20"
  resolved "https://registry.yarnpkg.com/@types/natural-sort/-/natural-sort-0.0.20.tgz#8dbb99e5723ec7bc049117f3817799b8fc30a6e9"

"@types/node@*":
  version "10.9.3"
  resolved "https://registry.yarnpkg.com/@types/node/-/node-10.9.3.tgz#85f288502503ade0b3bfc049fe1777b05d0327d5"

"@types/prop-types@*", "@types/prop-types@^15.5.2":
  version "15.5.5"
  resolved "https://registry.yarnpkg.com/@types/prop-types/-/prop-types-15.5.5.tgz#17038dd322c2325f5da650a94d5f9974943625e3"
  dependencies:
    "@types/react" "*"

"@types/qtip2@^2.2.29":
  version "2.2.29"
  resolved "https://registry.yarnpkg.com/@types/qtip2/-/qtip2-2.2.29.tgz#d06148cc1b1ca044de3a5822b8c94d37e8c08510"
  dependencies:
    "@types/jquery" "*"

"@types/react-dom@^16.0.4":
  version "16.0.7"
  resolved "https://registry.yarnpkg.com/@types/react-dom/-/react-dom-16.0.7.tgz#54d0f867a76b90597e8432030d297982f25c20ba"
  dependencies:
    "@types/node" "*"
    "@types/react" "*"

"@types/react-redux@^6.0.7":
  version "6.0.7"
  resolved "https://registry.yarnpkg.com/@types/react-redux/-/react-redux-6.0.7.tgz#ac61cd8d137ca7205b831d66e279f42fe2a1c3cd"
  dependencies:
    "@types/react" "*"
    redux "^4.0.0"

"@types/react-router-dom@^4.2.4":
  version "4.3.0"
  resolved "https://registry.yarnpkg.com/@types/react-router-dom/-/react-router-dom-4.3.0.tgz#c91796d02deb3a5b24bc1c5db4a255df0d18b8b5"
  dependencies:
    "@types/history" "*"
    "@types/react" "*"
    "@types/react-router" "*"

"@types/react-router@*", "@types/react-router@^4.0.22":
  version "4.0.30"
  resolved "https://registry.yarnpkg.com/@types/react-router/-/react-router-4.0.30.tgz#64bcd886befd1f932779b74d17954adbefb7a3a7"
  dependencies:
    "@types/history" "*"
    "@types/react" "*"

"@types/react@*", "@types/react@^16.0.38":
  version "16.4.13"
  resolved "https://registry.yarnpkg.com/@types/react/-/react-16.4.13.tgz#1385f5dc3486aa493849a32ccce626a817543e28"
  dependencies:
    "@types/prop-types" "*"
    csstype "^2.2.0"

babel-polyfill@^6.26.0:
  version "6.26.0"
  resolved "https://registry.yarnpkg.com/babel-polyfill/-/babel-polyfill-6.26.0.tgz#379937abc67d7895970adc621f284cd966cf2153"
  dependencies:
    babel-runtime "^6.26.0"
    core-js "^2.5.0"
    regenerator-runtime "^0.10.5"

babel-runtime@^6.26.0:
  version "6.26.0"
  resolved "https://registry.yarnpkg.com/babel-runtime/-/babel-runtime-6.26.0.tgz#965c7058668e82b55d7bfe04ff2337bc8b5647fe"
  dependencies:
    core-js "^2.4.0"
    regenerator-runtime "^0.11.0"

core-js@^2.4.0, core-js@^2.5.0:
  version "2.5.7"
  resolved "https://registry.yarnpkg.com/core-js/-/core-js-2.5.7.tgz#f972608ff0cead68b841a16a932d0b183791814e"

csstype@^2.2.0:
  version "2.5.6"
  resolved "https://registry.yarnpkg.com/csstype/-/csstype-2.5.6.tgz#2ae1db2319642d8b80a668d2d025c6196071e788"

custom-event-polyfill@^1.0.6:
  version "1.0.6"
  resolved "https://registry.yarnpkg.com/custom-event-polyfill/-/custom-event-polyfill-1.0.6.tgz#6b026e81cd9f7bc896bd6b016a427407bb068db1"

jquery-migrate@1.2.1:
  version "1.2.1"
  resolved "https://registry.yarnpkg.com/jquery-migrate/-/jquery-migrate-1.2.1.tgz#e1056ad970fb22d5009e2d4d77cf709b78f04768"

"js-tokens@^3.0.0 || ^4.0.0":
  version "4.0.0"
  resolved "https://registry.yarnpkg.com/js-tokens/-/js-tokens-4.0.0.tgz#19203fb59991df98e3a287050d4647cdeaf32499"

json-stable-stringify@^1.0.0:
  version "1.0.1"
  resolved "https://registry.yarnpkg.com/json-stable-stringify/-/json-stable-stringify-1.0.1.tgz#9a759d39c5f2ff503fd5300646ed445f88c4f9af"
  dependencies:
    jsonify "~0.0.0"

jsonify@~0.0.0:
  version "0.0.0"
  resolved "https://registry.yarnpkg.com/jsonify/-/jsonify-0.0.0.tgz#2c74b6ee41d93ca51b7b5aaee8f503631d252a73"

loose-envify@^1.1.0:
  version "1.4.0"
  resolved "https://registry.yarnpkg.com/loose-envify/-/loose-envify-1.4.0.tgz#71ee51fa7be4caec1a63839f7e682d8132d30caf"
  dependencies:
    js-tokens "^3.0.0 || ^4.0.0"

redux@^4.0.0:
  version "4.0.0"
  resolved "https://registry.yarnpkg.com/redux/-/redux-4.0.0.tgz#aa698a92b729315d22b34a0553d7e6533555cc03"
  dependencies:
    loose-envify "^1.1.0"
    symbol-observable "^1.2.0"

regenerator-runtime@^0.10.5:
  version "0.10.5"
  resolved "https://registry.yarnpkg.com/regenerator-runtime/-/regenerator-runtime-0.10.5.tgz#336c3efc1220adcedda2c9fab67b5a7955a33658"

regenerator-runtime@^0.11.0:
  version "0.11.1"
  resolved "https://registry.yarnpkg.com/regenerator-runtime/-/regenerator-runtime-0.11.1.tgz#be05ad7f9bf7d22e056f9726cee5017fbf19e2e9"

symbol-observable@^1.2.0:
  version "1.2.0"
  resolved "https://registry.yarnpkg.com/symbol-observable/-/symbol-observable-1.2.0.tgz#c22688aed4eab3cdc2dfeacbb561660560a00804"

whatwg-fetch@^2.0.3:
  version "2.0.4"
  resolved "https://registry.yarnpkg.com/whatwg-fetch/-/whatwg-fetch-2.0.4.tgz#dde6a5df315f9d39991aa17621853d720b85566f"
